// !$*UTF8*$!
{
	archiveVersion = 1;
	classes = {
	};
	objectVersion = 46;
	objects = {

/* Begin PBXBuildFile section */
		530CA7DF1EEEC2F70087339E /* CustomTabBarController.swift in Sources */ = {isa = PBXBuildFile; fileRef = 530CA7DE1EEEC2F70087339E /* CustomTabBarController.swift */; };
		53C8DF671EF0A45C00AD57C5 /* CardCell.swift in Sources */ = {isa = PBXBuildFile; fileRef = 53C8DF661EF0A45C00AD57C5 /* CardCell.swift */; };
		53F051091EED84D500D1C55D /* AppDelegate.swift in Sources */ = {isa = PBXBuildFile; fileRef = 53F051081EED84D500D1C55D /* AppDelegate.swift */; };
		53F051101EED84D500D1C55D /* Assets.xcassets in Resources */ = {isa = PBXBuildFile; fileRef = 53F0510F1EED84D500D1C55D /* Assets.xcassets */; };
		53F051251EED86EE00D1C55D /* Company.storyboard in Resources */ = {isa = PBXBuildFile; fileRef = 53F0511A1EED86EE00D1C55D /* Company.storyboard */; };
		53F051261EED86EE00D1C55D /* CustomSplitViewController.swift in Sources */ = {isa = PBXBuildFile; fileRef = 53F0511B1EED86EE00D1C55D /* CustomSplitViewController.swift */; };
		53F051271EED86EE00D1C55D /* Details.storyboard in Resources */ = {isa = PBXBuildFile; fileRef = 53F0511C1EED86EE00D1C55D /* Details.storyboard */; };
		53F051281EED86EE00D1C55D /* Meetings.storyboard in Resources */ = {isa = PBXBuildFile; fileRef = 53F0511D1EED86EE00D1C55D /* Meetings.storyboard */; };
		53F051291EED86EE00D1C55D /* Relation.storyboard in Resources */ = {isa = PBXBuildFile; fileRef = 53F0511E1EED86EE00D1C55D /* Relation.storyboard */; };
		53F0512A1EED86EE00D1C55D /* Main.storyboard in Resources */ = {isa = PBXBuildFile; fileRef = 53F0511F1EED86EE00D1C55D /* Main.storyboard */; };
		53F0512B1EED86EE00D1C55D /* RelationViewController.swift in Sources */ = {isa = PBXBuildFile; fileRef = 53F051201EED86EE00D1C55D /* RelationViewController.swift */; };
		53F0512C1EED86EE00D1C55D /* MeetingViewController.swift in Sources */ = {isa = PBXBuildFile; fileRef = 53F051211EED86EE00D1C55D /* MeetingViewController.swift */; };
		53F0512D1EED86EE00D1C55D /* CompanyViewController.swift in Sources */ = {isa = PBXBuildFile; fileRef = 53F051221EED86EE00D1C55D /* CompanyViewController.swift */; };
		53F0512E1EED86EE00D1C55D /* TopViewController.swift in Sources */ = {isa = PBXBuildFile; fileRef = 53F051231EED86EE00D1C55D /* TopViewController.swift */; };
		53F0512F1EED86EE00D1C55D /* DetailViewController.swift in Sources */ = {isa = PBXBuildFile; fileRef = 53F051241EED86EE00D1C55D /* DetailViewController.swift */; };
		53F051381EED86FF00D1C55D /* LaunchScreen.xib in Resources */ = {isa = PBXBuildFile; fileRef = 53F051301EED86FF00D1C55D /* LaunchScreen.xib */; };
		53F051391EED86FF00D1C55D /* LoginViewController.swift in Sources */ = {isa = PBXBuildFile; fileRef = 53F051311EED86FF00D1C55D /* LoginViewController.swift */; };
		53F0513A1EED86FF00D1C55D /* Login.storyboard in Resources */ = {isa = PBXBuildFile; fileRef = 53F051321EED86FF00D1C55D /* Login.storyboard */; };
		53F0513B1EED86FF00D1C55D /* CommonHelper.swift in Sources */ = {isa = PBXBuildFile; fileRef = 53F051331EED86FF00D1C55D /* CommonHelper.swift */; };
		53F0513C1EED86FF00D1C55D /* GreenViewController.swift in Sources */ = {isa = PBXBuildFile; fileRef = 53F051341EED86FF00D1C55D /* GreenViewController.swift */; };
		53F0513D1EED86FF00D1C55D /* RedViewController.swift in Sources */ = {isa = PBXBuildFile; fileRef = 53F051351EED86FF00D1C55D /* RedViewController.swift */; };
		53F0513E1EED86FF00D1C55D /* Base.lproj in Resources */ = {isa = PBXBuildFile; fileRef = 53F051361EED86FF00D1C55D /* Base.lproj */; };
		53F0513F1EED86FF00D1C55D /* Company.swift in Sources */ = {isa = PBXBuildFile; fileRef = 53F051371EED86FF00D1C55D /* Company.swift */; };
		53F051451EED9B9D00D1C55D /* UIViewGradient.swift in Sources */ = {isa = PBXBuildFile; fileRef = 53F051441EED9B9D00D1C55D /* UIViewGradient.swift */; };
		53F051471EEDAE9C00D1C55D /* Company.json in Resources */ = {isa = PBXBuildFile; fileRef = 53F051461EEDAE9C00D1C55D /* Company.json */; };
/* End PBXBuildFile section */

/* Begin PBXFileReference section */
		530CA7DE1EEEC2F70087339E /* CustomTabBarController.swift */ = {isa = PBXFileReference; fileEncoding = 4; lastKnownFileType = sourcecode.swift; path = CustomTabBarController.swift; sourceTree = "<group>"; };
		53C8DF661EF0A45C00AD57C5 /* CardCell.swift */ = {isa = PBXFileReference; fileEncoding = 4; lastKnownFileType = sourcecode.swift; path = CardCell.swift; sourceTree = "<group>"; };
		53F051051EED84D500D1C55D /* RM53_iOS.app */ = {isa = PBXFileReference; explicitFileType = wrapper.application; includeInIndex = 0; path = RM53_iOS.app; sourceTree = BUILT_PRODUCTS_DIR; };
		53F051081EED84D500D1C55D /* AppDelegate.swift */ = {isa = PBXFileReference; lastKnownFileType = sourcecode.swift; path = AppDelegate.swift; sourceTree = "<group>"; };
		53F0510F1EED84D500D1C55D /* Assets.xcassets */ = {isa = PBXFileReference; lastKnownFileType = folder.assetcatalog; path = Assets.xcassets; sourceTree = "<group>"; };
		53F051141EED84D500D1C55D /* Info.plist */ = {isa = PBXFileReference; lastKnownFileType = text.plist.xml; path = Info.plist; sourceTree = "<group>"; };
		53F0511A1EED86EE00D1C55D /* Company.storyboard */ = {isa = PBXFileReference; fileEncoding = 4; lastKnownFileType = file.storyboard; path = Company.storyboard; sourceTree = "<group>"; };
		53F0511B1EED86EE00D1C55D /* CustomSplitViewController.swift */ = {isa = PBXFileReference; fileEncoding = 4; lastKnownFileType = sourcecode.swift; path = CustomSplitViewController.swift; sourceTree = "<group>"; };
		53F0511C1EED86EE00D1C55D /* Details.storyboard */ = {isa = PBXFileReference; fileEncoding = 4; lastKnownFileType = file.storyboard; path = Details.storyboard; sourceTree = "<group>"; };
		53F0511D1EED86EE00D1C55D /* Meetings.storyboard */ = {isa = PBXFileReference; fileEncoding = 4; lastKnownFileType = file.storyboard; path = Meetings.storyboard; sourceTree = "<group>"; };
		53F0511E1EED86EE00D1C55D /* Relation.storyboard */ = {isa = PBXFileReference; fileEncoding = 4; lastKnownFileType = file.storyboard; path = Relation.storyboard; sourceTree = "<group>"; };
		53F0511F1EED86EE00D1C55D /* Main.storyboard */ = {isa = PBXFileReference; fileEncoding = 4; lastKnownFileType = file.storyboard; path = Main.storyboard; sourceTree = "<group>"; };
		53F051201EED86EE00D1C55D /* RelationViewController.swift */ = {isa = PBXFileReference; fileEncoding = 4; lastKnownFileType = sourcecode.swift; path = RelationViewController.swift; sourceTree = "<group>"; };
		53F051211EED86EE00D1C55D /* MeetingViewController.swift */ = {isa = PBXFileReference; fileEncoding = 4; lastKnownFileType = sourcecode.swift; path = MeetingViewController.swift; sourceTree = "<group>"; };
		53F051221EED86EE00D1C55D /* CompanyViewController.swift */ = {isa = PBXFileReference; fileEncoding = 4; lastKnownFileType = sourcecode.swift; path = CompanyViewController.swift; sourceTree = "<group>"; };
		53F051231EED86EE00D1C55D /* TopViewController.swift */ = {isa = PBXFileReference; fileEncoding = 4; lastKnownFileType = sourcecode.swift; path = TopViewController.swift; sourceTree = "<group>"; };
		53F051241EED86EE00D1C55D /* DetailViewController.swift */ = {isa = PBXFileReference; fileEncoding = 4; lastKnownFileType = sourcecode.swift; path = DetailViewController.swift; sourceTree = "<group>"; };
		53F051301EED86FF00D1C55D /* LaunchScreen.xib */ = {isa = PBXFileReference; fileEncoding = 4; lastKnownFileType = file.xib; path = LaunchScreen.xib; sourceTree = "<group>"; };
		53F051311EED86FF00D1C55D /* LoginViewController.swift */ = {isa = PBXFileReference; fileEncoding = 4; lastKnownFileType = sourcecode.swift; path = LoginViewController.swift; sourceTree = "<group>"; };
		53F051321EED86FF00D1C55D /* Login.storyboard */ = {isa = PBXFileReference; fileEncoding = 4; lastKnownFileType = file.storyboard; path = Login.storyboard; sourceTree = "<group>"; };
		53F051331EED86FF00D1C55D /* CommonHelper.swift */ = {isa = PBXFileReference; fileEncoding = 4; lastKnownFileType = sourcecode.swift; path = CommonHelper.swift; sourceTree = "<group>"; };
		53F051341EED86FF00D1C55D /* GreenViewController.swift */ = {isa = PBXFileReference; fileEncoding = 4; lastKnownFileType = sourcecode.swift; path = GreenViewController.swift; sourceTree = "<group>"; };
		53F051351EED86FF00D1C55D /* RedViewController.swift */ = {isa = PBXFileReference; fileEncoding = 4; lastKnownFileType = sourcecode.swift; path = RedViewController.swift; sourceTree = "<group>"; };
		53F051361EED86FF00D1C55D /* Base.lproj */ = {isa = PBXFileReference; lastKnownFileType = folder; path = Base.lproj; sourceTree = "<group>"; };
		53F051371EED86FF00D1C55D /* Company.swift */ = {isa = PBXFileReference; fileEncoding = 4; lastKnownFileType = sourcecode.swift; path = Company.swift; sourceTree = "<group>"; };
		53F051441EED9B9D00D1C55D /* UIViewGradient.swift */ = {isa = PBXFileReference; fileEncoding = 4; lastKnownFileType = sourcecode.swift; path = UIViewGradient.swift; sourceTree = "<group>"; };
		53F051461EEDAE9C00D1C55D /* Company.json */ = {isa = PBXFileReference; fileEncoding = 4; lastKnownFileType = text.json; name = Company.json; path = ../Company.json; sourceTree = "<group>"; };
/* End PBXFileReference section */

/* Begin PBXFrameworksBuildPhase section */
		53F051021EED84D500D1C55D /* Frameworks */ = {
			isa = PBXFrameworksBuildPhase;
			buildActionMask = 2147483647;
			files = (
			);
			runOnlyForDeploymentPostprocessing = 0;
		};
/* End PBXFrameworksBuildPhase section */

/* Begin PBXGroup section */
		53F050FC1EED84D500D1C55D = {
			isa = PBXGroup;
			children = (
				53F051071EED84D500D1C55D /* RM53_iOS */,
				53F051061EED84D500D1C55D /* Products */,
			);
			sourceTree = "<group>";
		};
		53F051061EED84D500D1C55D /* Products */ = {
			isa = PBXGroup;
			children = (
				53F051051EED84D500D1C55D /* RM53_iOS.app */,
			);
			name = Products;
			sourceTree = "<group>";
		};
		53F051071EED84D500D1C55D /* RM53_iOS */ = {
			isa = PBXGroup;
			children = (
				53F051301EED86FF00D1C55D /* LaunchScreen.xib */,
				53F051311EED86FF00D1C55D /* LoginViewController.swift */,
				53F051321EED86FF00D1C55D /* Login.storyboard */,
				530CA7DE1EEEC2F70087339E /* CustomTabBarController.swift */,
				53F051331EED86FF00D1C55D /* CommonHelper.swift */,
				53F051341EED86FF00D1C55D /* GreenViewController.swift */,
				53F051351EED86FF00D1C55D /* RedViewController.swift */,
				53F051361EED86FF00D1C55D /* Base.lproj */,
				53F051371EED86FF00D1C55D /* Company.swift */,
				53F0511A1EED86EE00D1C55D /* Company.storyboard */,
				53F0511B1EED86EE00D1C55D /* CustomSplitViewController.swift */,
				53F0511C1EED86EE00D1C55D /* Details.storyboard */,
				53F0511D1EED86EE00D1C55D /* Meetings.storyboard */,
				53F0511E1EED86EE00D1C55D /* Relation.storyboard */,
				53F0511F1EED86EE00D1C55D /* Main.storyboard */,
				53F051201EED86EE00D1C55D /* RelationViewController.swift */,
				53F051211EED86EE00D1C55D /* MeetingViewController.swift */,
				53F051221EED86EE00D1C55D /* CompanyViewController.swift */,
				53F051231EED86EE00D1C55D /* TopViewController.swift */,
				53F051241EED86EE00D1C55D /* DetailViewController.swift */,
				53F051081EED84D500D1C55D /* AppDelegate.swift */,
				53F0510F1EED84D500D1C55D /* Assets.xcassets */,
				53F051461EEDAE9C00D1C55D /* Company.json */,
				53F051141EED84D500D1C55D /* Info.plist */,
				53F051441EED9B9D00D1C55D /* UIViewGradient.swift */,
				53C8DF661EF0A45C00AD57C5 /* CardCell.swift */,
			);
			path = RM53_iOS;
			sourceTree = "<group>";
		};
/* End PBXGroup section */

/* Begin PBXNativeTarget section */
		53F051041EED84D500D1C55D /* RM53_iOS */ = {
			isa = PBXNativeTarget;
			buildConfigurationList = 53F051171EED84D500D1C55D /* Build configuration list for PBXNativeTarget "RM53_iOS" */;
			buildPhases = (
				53F051011EED84D500D1C55D /* Sources */,
				53F051021EED84D500D1C55D /* Frameworks */,
				53F051031EED84D500D1C55D /* Resources */,
			);
			buildRules = (
			);
			dependencies = (
			);
			name = RM53_iOS;
			productName = RM53_iOS;
			productReference = 53F051051EED84D500D1C55D /* RM53_iOS.app */;
			productType = "com.apple.product-type.application";
		};
/* End PBXNativeTarget section */

/* Begin PBXProject section */
		53F050FD1EED84D500D1C55D /* Project object */ = {
			isa = PBXProject;
			attributes = {
				LastSwiftUpdateCheck = 0820;
				LastUpgradeCheck = 0820;
				ORGANIZATIONNAME = com.rm53;
				TargetAttributes = {
					53F051041EED84D500D1C55D = {
						CreatedOnToolsVersion = 8.2.1;
						ProvisioningStyle = Automatic;
					};
				};
			};
			buildConfigurationList = 53F051001EED84D500D1C55D /* Build configuration list for PBXProject "RM53_iOS" */;
			compatibilityVersion = "Xcode 3.2";
			developmentRegion = English;
			hasScannedForEncodings = 0;
			knownRegions = (
				en,
				Base,
			);
			mainGroup = 53F050FC1EED84D500D1C55D;
			productRefGroup = 53F051061EED84D500D1C55D /* Products */;
			projectDirPath = "";
			projectRoot = "";
			targets = (
				53F051041EED84D500D1C55D /* RM53_iOS */,
			);
		};
/* End PBXProject section */

/* Begin PBXResourcesBuildPhase section */
		53F051031EED84D500D1C55D /* Resources */ = {
			isa = PBXResourcesBuildPhase;
			buildActionMask = 2147483647;
			files = (
				53F0513A1EED86FF00D1C55D /* Login.storyboard in Resources */,
				53F0513E1EED86FF00D1C55D /* Base.lproj in Resources */,
				53F051251EED86EE00D1C55D /* Company.storyboard in Resources */,
				53F051271EED86EE00D1C55D /* Details.storyboard in Resources */,
				53F051291EED86EE00D1C55D /* Relation.storyboard in Resources */,
				53F051471EEDAE9C00D1C55D /* Company.json in Resources */,
				53F051381EED86FF00D1C55D /* LaunchScreen.xib in Resources */,
				53F0512A1EED86EE00D1C55D /* Main.storyboard in Resources */,
				53F051281EED86EE00D1C55D /* Meetings.storyboard in Resources */,
				53F051101EED84D500D1C55D /* Assets.xcassets in Resources */,
			);
			runOnlyForDeploymentPostprocessing = 0;
		};
/* End PBXResourcesBuildPhase section */

/* Begin PBXSourcesBuildPhase section */
		53F051011EED84D500D1C55D /* Sources */ = {
			isa = PBXSourcesBuildPhase;
			buildActionMask = 2147483647;
			files = (
				53F051391EED86FF00D1C55D /* LoginViewController.swift in Sources */,
				53F0512B1EED86EE00D1C55D /* RelationViewController.swift in Sources */,
				53F0513C1EED86FF00D1C55D /* GreenViewController.swift in Sources */,
				53F0513D1EED86FF00D1C55D /* RedViewController.swift in Sources */,
				53F0512D1EED86EE00D1C55D /* CompanyViewController.swift in Sources */,
				53C8DF671EF0A45C00AD57C5 /* CardCell.swift in Sources */,
				53F051261EED86EE00D1C55D /* CustomSplitViewController.swift in Sources */,
				53F0512C1EED86EE00D1C55D /* MeetingViewController.swift in Sources */,
				53F0513B1EED86FF00D1C55D /* CommonHelper.swift in Sources */,
				530CA7DF1EEEC2F70087339E /* CustomTabBarController.swift in Sources */,
				53F051091EED84D500D1C55D /* AppDelegate.swift in Sources */,
				53F0512E1EED86EE00D1C55D /* TopViewController.swift in Sources */,
				53F0513F1EED86FF00D1C55D /* Company.swift in Sources */,
				53F051451EED9B9D00D1C55D /* UIViewGradient.swift in Sources */,
				53F0512F1EED86EE00D1C55D /* DetailViewController.swift in Sources */,
			);
			runOnlyForDeploymentPostprocessing = 0;
		};
/* End PBXSourcesBuildPhase section */

/* Begin XCBuildConfiguration section */
		53F051151EED84D500D1C55D /* Debug */ = {
			isa = XCBuildConfiguration;
			buildSettings = {
				ALWAYS_SEARCH_USER_PATHS = NO;
				CLANG_ANALYZER_NONNULL = YES;
				CLANG_CXX_LANGUAGE_STANDARD = "gnu++0x";
				CLANG_CXX_LIBRARY = "libc++";
				CLANG_ENABLE_MODULES = YES;
				CLANG_ENABLE_OBJC_ARC = YES;
				CLANG_WARN_BOOL_CONVERSION = YES;
				CLANG_WARN_CONSTANT_CONVERSION = YES;
				CLANG_WARN_DIRECT_OBJC_ISA_USAGE = YES_ERROR;
				CLANG_WARN_DOCUMENTATION_COMMENTS = YES;
				CLANG_WARN_EMPTY_BODY = YES;
				CLANG_WARN_ENUM_CONVERSION = YES;
				CLANG_WARN_INFINITE_RECURSION = YES;
				CLANG_WARN_INT_CONVERSION = YES;
				CLANG_WARN_OBJC_ROOT_CLASS = YES_ERROR;
				CLANG_WARN_SUSPICIOUS_MOVE = YES;
				CLANG_WARN_UNREACHABLE_CODE = YES;
				CLANG_WARN__DUPLICATE_METHOD_MATCH = YES;
				"CODE_SIGN_IDENTITY[sdk=iphoneos*]" = "iPhone Developer";
				COPY_PHASE_STRIP = NO;
				DEBUG_INFORMATION_FORMAT = dwarf;
				ENABLE_STRICT_OBJC_MSGSEND = YES;
				ENABLE_TESTABILITY = YES;
				GCC_C_LANGUAGE_STANDARD = gnu99;
				GCC_DYNAMIC_NO_PIC = NO;
				GCC_NO_COMMON_BLOCKS = YES;
				GCC_OPTIMIZATION_LEVEL = 0;
				GCC_PREPROCESSOR_DEFINITIONS = (
					"DEBUG=1",
					"$(inherited)",
				);
				GCC_WARN_64_TO_32_BIT_CONVERSION = YES;
				GCC_WARN_ABOUT_RETURN_TYPE = YES_ERROR;
				GCC_WARN_UNDECLARED_SELECTOR = YES;
				GCC_WARN_UNINITIALIZED_AUTOS = YES_AGGRESSIVE;
				GCC_WARN_UNUSED_FUNCTION = YES;
				GCC_WARN_UNUSED_VARIABLE = YES;
				IPHONEOS_DEPLOYMENT_TARGET = 10.2;
				MTL_ENABLE_DEBUG_INFO = YES;
				ONLY_ACTIVE_ARCH = YES;
				SDKROOT = iphoneos;
				SWIFT_ACTIVE_COMPILATION_CONDITIONS = DEBUG;
				SWIFT_OPTIMIZATION_LEVEL = "-Onone";
				TARGETED_DEVICE_FAMILY = "1,2";
			};
			name = Debug;
		};
		53F051161EED84D500D1C55D /* Release */ = {
			isa = XCBuildConfiguration;
			buildSettings = {
				ALWAYS_SEARCH_USER_PATHS = NO;
				CLANG_ANALYZER_NONNULL = YES;
				CLANG_CXX_LANGUAGE_STANDARD = "gnu++0x";
				CLANG_CXX_LIBRARY = "libc++";
				CLANG_ENABLE_MODULES = YES;
				CLANG_ENABLE_OBJC_ARC = YES;
				CLANG_WARN_BOOL_CONVERSION = YES;
				CLANG_WARN_CONSTANT_CONVERSION = YES;
				CLANG_WARN_DIRECT_OBJC_ISA_USAGE = YES_ERROR;
				CLANG_WARN_DOCUMENTATION_COMMENTS = YES;
				CLANG_WARN_EMPTY_BODY = YES;
				CLANG_WARN_ENUM_CONVERSION = YES;
				CLANG_WARN_INFINITE_RECURSION = YES;
				CLANG_WARN_INT_CONVERSION = YES;
				CLANG_WARN_OBJC_ROOT_CLASS = YES_ERROR;
				CLANG_WARN_SUSPICIOUS_MOVE = YES;
				CLANG_WARN_UNREACHABLE_CODE = YES;
				CLANG_WARN__DUPLICATE_METHOD_MATCH = YES;
				"CODE_SIGN_IDENTITY[sdk=iphoneos*]" = "iPhone Developer";
				COPY_PHASE_STRIP = NO;
				DEBUG_INFORMATION_FORMAT = "dwarf-with-dsym";
				ENABLE_NS_ASSERTIONS = NO;
				ENABLE_STRICT_OBJC_MSGSEND = YES;
				GCC_C_LANGUAGE_STANDARD = gnu99;
				GCC_NO_COMMON_BLOCKS = YES;
				GCC_WARN_64_TO_32_BIT_CONVERSION = YES;
				GCC_WARN_ABOUT_RETURN_TYPE = YES_ERROR;
				GCC_WARN_UNDECLARED_SELECTOR = YES;
				GCC_WARN_UNINITIALIZED_AUTOS = YES_AGGRESSIVE;
				GCC_WARN_UNUSED_FUNCTION = YES;
				GCC_WARN_UNUSED_VARIABLE = YES;
				IPHONEOS_DEPLOYMENT_TARGET = 10.2;
				MTL_ENABLE_DEBUG_INFO = NO;
				SDKROOT = iphoneos;
				SWIFT_OPTIMIZATION_LEVEL = "-Owholemodule";
				TARGETED_DEVICE_FAMILY = "1,2";
				VALIDATE_PRODUCT = YES;
			};
			name = Release;
		};
		53F051181EED84D500D1C55D /* Debug */ = {
			isa = XCBuildConfiguration;
			buildSettings = {
				ASSETCATALOG_COMPILER_APPICON_NAME = AppIcon;
				INFOPLIST_FILE = RM53_iOS/Info.plist;
				LD_RUNPATH_SEARCH_PATHS = "$(inherited) @executable_path/Frameworks";
				PRODUCT_BUNDLE_IDENTIFIER = "FT.RM53-iOS";
				PRODUCT_NAME = "$(TARGET_NAME)";
				SWIFT_VERSION = 3.0;
			};
			name = Debug;
		};
		53F051191EED84D500D1C55D /* Release */ = {
			isa = XCBuildConfiguration;
			buildSettings = {
				ASSETCATALOG_COMPILER_APPICON_NAME = AppIcon;
				INFOPLIST_FILE = RM53_iOS/Info.plist;
				LD_RUNPATH_SEARCH_PATHS = "$(inherited) @executable_path/Frameworks";
				PRODUCT_BUNDLE_IDENTIFIER = "FT.RM53-iOS";
				PRODUCT_NAME = "$(TARGET_NAME)";
				SWIFT_VERSION = 3.0;
			};
			name = Release;
		};
/* End XCBuildConfiguration section */

/* Begin XCConfigurationList section */
		53F051001EED84D500D1C55D /* Build configuration list for PBXProject "RM53_iOS" */ = {
			isa = XCConfigurationList;
			buildConfigurations = (
				53F051151EED84D500D1C55D /* Debug */,
				53F051161EED84D500D1C55D /* Release */,
			);
			defaultConfigurationIsVisible = 0;
			defaultConfigurationName = Release;
		};
		53F051171EED84D500D1C55D /* Build configuration list for PBXNativeTarget "RM53_iOS" */ = {
			isa = XCConfigurationList;
			buildConfigurations = (
				53F051181EED84D500D1C55D /* Debug */,
				53F051191EED84D500D1C55D /* Release */,
			);
			defaultConfigurationIsVisible = 0;
			defaultConfigurationName = Release;
		};
/* End XCConfigurationList section */
	};
	rootObject = 53F050FD1EED84D500D1C55D /* Project object */;
}
